// !$*UTF8*$!
{
	archiveVersion = 1;
	classes = {
	};
	objectVersion = 46;
	objects = {

/* Begin PBXBuildFile section */
		C2E8E8D61F57346D0091D8AF /* AppDelegate.swift in Sources */ = {isa = PBXBuildFile; fileRef = C2E8E8D51F57346D0091D8AF /* AppDelegate.swift */; };
		C2E8E8D81F57346D0091D8AF /* ViewController.swift in Sources */ = {isa = PBXBuildFile; fileRef = C2E8E8D71F57346D0091D8AF /* ViewController.swift */; };
		C2E8E8DB1F57346D0091D8AF /* Main.storyboard in Resources */ = {isa = PBXBuildFile; fileRef = C2E8E8D91F57346D0091D8AF /* Main.storyboard */; };
		C2E8E8DD1F57346D0091D8AF /* Assets.xcassets in Resources */ = {isa = PBXBuildFile; fileRef = C2E8E8DC1F57346D0091D8AF /* Assets.xcassets */; };
		C2E8E8E01F57346D0091D8AF /* LaunchScreen.storyboard in Resources */ = {isa = PBXBuildFile; fileRef = C2E8E8DE1F57346D0091D8AF /* LaunchScreen.storyboard */; };
		C2E8E9181F5812B60091D8AF /* HistoricalEvents.swift in Sources */ = {isa = PBXBuildFile; fileRef = C2E8E9171F5812B60091D8AF /* HistoricalEvents.swift */; };
		C2E8E91A1F59804E0091D8AF /* WebViewController.swift in Sources */ = {isa = PBXBuildFile; fileRef = C2E8E9191F59804E0091D8AF /* WebViewController.swift */; };
		C2E8E91C1F5980A60091D8AF /* GameOverController.swift in Sources */ = {isa = PBXBuildFile; fileRef = C2E8E91B1F5980A60091D8AF /* GameOverController.swift */; };
/* End PBXBuildFile section */

/* Begin PBXFileReference section */
		C2E8E8D21F57346D0091D8AF /* Bout Time.app */ = {isa = PBXFileReference; explicitFileType = wrapper.application; includeInIndex = 0; path = "Bout Time.app"; sourceTree = BUILT_PRODUCTS_DIR; };
		C2E8E8D51F57346D0091D8AF /* AppDelegate.swift */ = {isa = PBXFileReference; lastKnownFileType = sourcecode.swift; path = AppDelegate.swift; sourceTree = "<group>"; };
		C2E8E8D71F57346D0091D8AF /* ViewController.swift */ = {isa = PBXFileReference; lastKnownFileType = sourcecode.swift; path = ViewController.swift; sourceTree = "<group>"; };
		C2E8E8DA1F57346D0091D8AF /* Base */ = {isa = PBXFileReference; lastKnownFileType = file.storyboard; name = Base; path = Base.lproj/Main.storyboard; sourceTree = "<group>"; };
		C2E8E8DC1F57346D0091D8AF /* Assets.xcassets */ = {isa = PBXFileReference; lastKnownFileType = folder.assetcatalog; path = Assets.xcassets; sourceTree = "<group>"; };
		C2E8E8DF1F57346D0091D8AF /* Base */ = {isa = PBXFileReference; lastKnownFileType = file.storyboard; name = Base; path = Base.lproj/LaunchScreen.storyboard; sourceTree = "<group>"; };
		C2E8E8E11F57346D0091D8AF /* Info.plist */ = {isa = PBXFileReference; lastKnownFileType = text.plist.xml; path = Info.plist; sourceTree = "<group>"; };
		C2E8E9171F5812B60091D8AF /* HistoricalEvents.swift */ = {isa = PBXFileReference; fileEncoding = 4; lastKnownFileType = sourcecode.swift; path = HistoricalEvents.swift; sourceTree = "<group>"; };
		C2E8E9191F59804E0091D8AF /* WebViewController.swift */ = {isa = PBXFileReference; fileEncoding = 4; lastKnownFileType = sourcecode.swift; path = WebViewController.swift; sourceTree = "<group>"; };
		C2E8E91B1F5980A60091D8AF /* GameOverController.swift */ = {isa = PBXFileReference; fileEncoding = 4; lastKnownFileType = sourcecode.swift; path = GameOverController.swift; sourceTree = "<group>"; };
/* End PBXFileReference section */

/* Begin PBXFrameworksBuildPhase section */
		C2E8E8CF1F57346D0091D8AF /* Frameworks */ = {
			isa = PBXFrameworksBuildPhase;
			buildActionMask = 2147483647;
			files = (
			);
			runOnlyForDeploymentPostprocessing = 0;
		};
/* End PBXFrameworksBuildPhase section */

/* Begin PBXGroup section */
		C2E8E8C91F57346D0091D8AF = {
			isa = PBXGroup;
			children = (
				C2E8E8D41F57346D0091D8AF /* Bout Time */,
				C2E8E8D31F57346D0091D8AF /* Products */,
			);
			sourceTree = "<group>";
		};
		C2E8E8D31F57346D0091D8AF /* Products */ = {
			isa = PBXGroup;
			children = (
				C2E8E8D21F57346D0091D8AF /* Bout Time.app */,
			);
			name = Products;
			sourceTree = "<group>";
		};
		C2E8E8D41F57346D0091D8AF /* Bout Time */ = {
			isa = PBXGroup;
			children = (
				C2E8E8D51F57346D0091D8AF /* AppDelegate.swift */,
				C2E8E9171F5812B60091D8AF /* HistoricalEvents.swift */,
				C2E8E8D71F57346D0091D8AF /* ViewController.swift */,
				C2E8E91B1F5980A60091D8AF /* GameOverController.swift */,
				C2E8E9191F59804E0091D8AF /* WebViewController.swift */,
				C2E8E8D91F57346D0091D8AF /* Main.storyboard */,
				C2E8E8DC1F57346D0091D8AF /* Assets.xcassets */,
				C2E8E8DE1F57346D0091D8AF /* LaunchScreen.storyboard */,
				C2E8E8E11F57346D0091D8AF /* Info.plist */,
			);
			path = "Bout Time";
			sourceTree = "<group>";
		};
/* End PBXGroup section */

/* Begin PBXNativeTarget section */
		C2E8E8D11F57346D0091D8AF /* Bout Time */ = {
			isa = PBXNativeTarget;
			buildConfigurationList = C2E8E8E41F57346D0091D8AF /* Build configuration list for PBXNativeTarget "Bout Time" */;
			buildPhases = (
				C2E8E8CE1F57346D0091D8AF /* Sources */,
				C2E8E8CF1F57346D0091D8AF /* Frameworks */,
				C2E8E8D01F57346D0091D8AF /* Resources */,
			);
			buildRules = (
			);
			dependencies = (
			);
			name = "Bout Time";
			productName = "Bout Time";
			productReference = C2E8E8D21F57346D0091D8AF /* Bout Time.app */;
			productType = "com.apple.product-type.application";
		};
/* End PBXNativeTarget section */

/* Begin PBXProject section */
		C2E8E8CA1F57346D0091D8AF /* Project object */ = {
			isa = PBXProject;
			attributes = {
				LastSwiftUpdateCheck = 0830;
				LastUpgradeCheck = 0830;
				ORGANIZATIONNAME = "Marcel Busschers";
				TargetAttributes = {
					C2E8E8D11F57346D0091D8AF = {
						CreatedOnToolsVersion = 8.3.3;
						DevelopmentTeam = 4EE7VTLTHK;
						ProvisioningStyle = Automatic;
					};
				};
			};
			buildConfigurationList = C2E8E8CD1F57346D0091D8AF /* Build configuration list for PBXProject "Bout Time" */;
			compatibilityVersion = "Xcode 3.2";
			developmentRegion = English;
			hasScannedForEncodings = 0;
			knownRegions = (
				en,
				Base,
			);
			mainGroup = C2E8E8C91F57346D0091D8AF;
			productRefGroup = C2E8E8D31F57346D0091D8AF /* Products */;
			projectDirPath = "";
			projectRoot = "";
			targets = (
				C2E8E8D11F57346D0091D8AF /* Bout Time */,
			);
		};
/* End PBXProject section */

/* Begin PBXResourcesBuildPhase section */
		C2E8E8D01F57346D0091D8AF /* Resources */ = {
			isa = PBXResourcesBuildPhase;
			buildActionMask = 2147483647;
			files = (
				C2E8E8E01F57346D0091D8AF /* LaunchScreen.storyboard in Resources */,
				C2E8E8DD1F57346D0091D8AF /* Assets.xcassets in Resources */,
				C2E8E8DB1F57346D0091D8AF /* Main.storyboard in Resources */,
			);
			runOnlyForDeploymentPostprocessing = 0;
		};
/* End PBXResourcesBuildPhase section */

/* Begin PBXSourcesBuildPhase section */
		C2E8E8CE1F57346D0091D8AF /* Sources */ = {
			isa = PBXSourcesBuildPhase;
			buildActionMask = 2147483647;
			files = (
				C2E8E9181F5812B60091D8AF /* HistoricalEvents.swift in Sources */,
				C2E8E8D81F57346D0091D8AF /* ViewController.swift in Sources */,
				C2E8E8D61F57346D0091D8AF /* AppDelegate.swift in Sources */,
				C2E8E91C1F5980A60091D8AF /* GameOverController.swift in Sources */,
				C2E8E91A1F59804E0091D8AF /* WebViewController.swift in Sources */,
			);
			runOnlyForDeploymentPostprocessing = 0;
		};
/* End PBXSourcesBuildPhase section */

/* Begin PBXVariantGroup section */
		C2E8E8D91F57346D0091D8AF /* Main.storyboard */ = {
			isa = PBXVariantGroup;
			children = (
				C2E8E8DA1F57346D0091D8AF /* Base */,
			);
			name = Main.storyboard;
			sourceTree = "<group>";
		};
		C2E8E8DE1F57346D0091D8AF /* LaunchScreen.storyboard */ = {
			isa = PBXVariantGroup;
			children = (
				C2E8E8DF1F57346D0091D8AF /* Base */,
			);
			name = LaunchScreen.storyboard;
			sourceTree = "<group>";
		};
/* End PBXVariantGroup section */

/* Begin XCBuildConfiguration section */
		C2E8E8E21F57346D0091D8AF /* Debug */ = {
			isa = XCBuildConfiguration;
			buildSettings = {
				ALWAYS_SEARCH_USER_PATHS = NO;
				CLANG_ANALYZER_NONNULL = YES;
				CLANG_ANALYZER_NUMBER_OBJECT_CONVERSION = YES_AGGRESSIVE;
				CLANG_CXX_LANGUAGE_STANDARD = "gnu++0x";
				CLANG_CXX_LIBRARY = "libc++";
				CLANG_ENABLE_MODULES = YES;
				CLANG_ENABLE_OBJC_ARC = YES;
				CLANG_WARN_BOOL_CONVERSION = YES;
				CLANG_WARN_CONSTANT_CONVERSION = YES;
				CLANG_WARN_DIRECT_OBJC_ISA_USAGE = YES_ERROR;
				CLANG_WARN_DOCUMENTATION_COMMENTS = YES;
				CLANG_WARN_EMPTY_BODY = YES;
				CLANG_WARN_ENUM_CONVERSION = YES;
				CLANG_WARN_INFINITE_RECURSION = YES;
				CLANG_WARN_INT_CONVERSION = YES;
				CLANG_WARN_OBJC_ROOT_CLASS = YES_ERROR;
				CLANG_WARN_SUSPICIOUS_MOVE = YES;
				CLANG_WARN_UNREACHABLE_CODE = YES;
				CLANG_WARN__DUPLICATE_METHOD_MATCH = YES;
				"CODE_SIGN_IDENTITY[sdk=iphoneos*]" = "iPhone Developer";
				COPY_PHASE_STRIP = NO;
				DEBUG_INFORMATION_FORMAT = dwarf;
				ENABLE_STRICT_OBJC_MSGSEND = YES;
				ENABLE_TESTABILITY = YES;
				GCC_C_LANGUAGE_STANDARD = gnu99;
				GCC_DYNAMIC_NO_PIC = NO;
				GCC_NO_COMMON_BLOCKS = YES;
				GCC_OPTIMIZATION_LEVEL = 0;
				GCC_PREPROCESSOR_DEFINITIONS = (
					"DEBUG=1",
					"$(inherited)",
				);
				GCC_WARN_64_TO_32_BIT_CONVERSION = YES;
				GCC_WARN_ABOUT_RETURN_TYPE = YES_ERROR;
				GCC_WARN_UNDECLARED_SELECTOR = YES;
				GCC_WARN_UNINITIALIZED_AUTOS = YES_AGGRESSIVE;
				GCC_WARN_UNUSED_FUNCTION = YES;
				GCC_WARN_UNUSED_VARIABLE = YES;
				IPHONEOS_DEPLOYMENT_TARGET = 10.3;
				MTL_ENABLE_DEBUG_INFO = YES;
				ONLY_ACTIVE_ARCH = YES;
				SDKROOT = iphoneos;
				SWIFT_ACTIVE_COMPILATION_CONDITIONS = DEBUG;
				SWIFT_OPTIMIZATION_LEVEL = "-Onone";
				TARGETED_DEVICE_FAMILY = "1,2";
			};
			name = Debug;
		};
		C2E8E8E31F57346D0091D8AF /* Release */ = {
			isa = XCBuildConfiguration;
			buildSettings = {
				ALWAYS_SEARCH_USER_PATHS = NO;
				CLANG_ANALYZER_NONNULL = YES;
				CLANG_ANALYZER_NUMBER_OBJECT_CONVERSION = YES_AGGRESSIVE;
				CLANG_CXX_LANGUAGE_STANDARD = "gnu++0x";
				CLANG_CXX_LIBRARY = "libc++";
				CLANG_ENABLE_MODULES = YES;
				CLANG_ENABLE_OBJC_ARC = YES;
				CLANG_WARN_BOOL_CONVERSION = YES;
				CLANG_WARN_CONSTANT_CONVERSION = YES;
				CLANG_WARN_DIRECT_OBJC_ISA_USAGE = YES_ERROR;
				CLANG_WARN_DOCUMENTATION_COMMENTS = YES;
				CLANG_WARN_EMPTY_BODY = YES;
				CLANG_WARN_ENUM_CONVERSION = YES;
				CLANG_WARN_INFINITE_RECURSION = YES;
				CLANG_WARN_INT_CONVERSION = YES;
				CLANG_WARN_OBJC_ROOT_CLASS = YES_ERROR;
				CLANG_WARN_SUSPICIOUS_MOVE = YES;
				CLANG_WARN_UNREACHABLE_CODE = YES;
				CLANG_WARN__DUPLICATE_METHOD_MATCH = YES;
				"CODE_SIGN_IDENTITY[sdk=iphoneos*]" = "iPhone Developer";
				COPY_PHASE_STRIP = NO;
				DEBUG_INFORMATION_FORMAT = "dwarf-with-dsym";
				ENABLE_NS_ASSERTIONS = NO;
				ENABLE_STRICT_OBJC_MSGSEND = YES;
				GCC_C_LANGUAGE_STANDARD = gnu99;
				GCC_NO_COMMON_BLOCKS = YES;
				GCC_WARN_64_TO_32_BIT_CONVERSION = YES;
				GCC_WARN_ABOUT_RETURN_TYPE = YES_ERROR;
				GCC_WARN_UNDECLARED_SELECTOR = YES;
				GCC_WARN_UNINITIALIZED_AUTOS = YES_AGGRESSIVE;
				GCC_WARN_UNUSED_FUNCTION = YES;
				GCC_WARN_UNUSED_VARIABLE = YES;
				IPHONEOS_DEPLOYMENT_TARGET = 10.3;
				MTL_ENABLE_DEBUG_INFO = NO;
				SDKROOT = iphoneos;
				SWIFT_OPTIMIZATION_LEVEL = "-Owholemodule";
				TARGETED_DEVICE_FAMILY = "1,2";
				VALIDATE_PRODUCT = YES;
			};
			name = Release;
		};
		C2E8E8E51F57346D0091D8AF /* Debug */ = {
			isa = XCBuildConfiguration;
			buildSettings = {
				ASSETCATALOG_COMPILER_APPICON_NAME = AppIcon;
				DEVELOPMENT_TEAM = 4EE7VTLTHK;
				INFOPLIST_FILE = "Bout Time/Info.plist";
				LD_RUNPATH_SEARCH_PATHS = "$(inherited) @executable_path/Frameworks";
				PRODUCT_BUNDLE_IDENTIFIER = "com.marcelbusschers.Bout-Time";
				PRODUCT_NAME = "$(TARGET_NAME)";
				SWIFT_VERSION = 3.0;
				TARGETED_DEVICE_FAMILY = 1;
			};
			name = Debug;
		};
		C2E8E8E61F57346D0091D8AF /* Release */ = {
			isa = XCBuildConfiguration;
			buildSettings = {
				ASSETCATALOG_COMPILER_APPICON_NAME = AppIcon;
				DEVELOPMENT_TEAM = 4EE7VTLTHK;
				INFOPLIST_FILE = "Bout Time/Info.plist";
				LD_RUNPATH_SEARCH_PATHS = "$(inherited) @executable_path/Frameworks";
				PRODUCT_BUNDLE_IDENTIFIER = "com.marcelbusschers.Bout-Time";
				PRODUCT_NAME = "$(TARGET_NAME)";
				SWIFT_VERSION = 3.0;
				TARGETED_DEVICE_FAMILY = 1;
			};
			name = Release;
		};
/* End XCBuildConfiguration section */

/* Begin XCConfigurationList section */
		C2E8E8CD1F57346D0091D8AF /* Build configuration list for PBXProject "Bout Time" */ = {
			isa = XCConfigurationList;
			buildConfigurations = (
				C2E8E8E21F57346D0091D8AF /* Debug */,
				C2E8E8E31F57346D0091D8AF /* Release */,
			);
			defaultConfigurationIsVisible = 0;
			defaultConfigurationName = Release;
		};
		C2E8E8E41F57346D0091D8AF /* Build configuration list for PBXNativeTarget "Bout Time" */ = {
			isa = XCConfigurationList;
			buildConfigurations = (
				C2E8E8E51F57346D0091D8AF /* Debug */,
				C2E8E8E61F57346D0091D8AF /* Release */,
			);
			defaultConfigurationIsVisible = 0;
			defaultConfigurationName = Release;
		};
/* End XCConfigurationList section */
	};
	rootObject = C2E8E8CA1F57346D0091D8AF /* Project object */;
}
